
Microsoft Visual Studio Solution File, Format Version 12.00
Project("{FAE04EC0-301F-11D3-BF4B-00C04F79EFBC}") = "DTC.Core", "DTC.Core\DTC.Core\DTC.Core.csproj", "{6E21E102-F44F-4555-B537-B09EDAB425A8}"
EndProject
Project("{FAE04EC0-301F-11D3-BF4B-00C04F79EFBC}") = "DTC.Emulation", "DTC.Emulation\DTC.Emulation.csproj", "{E985158C-B9AA-49B1-A271-DD0433024D3B}"
EndProject
Project("{FAE04EC0-301F-11D3-BF4B-00C04F79EFBC}") = "DTC.68000", "DTC.68000\DTC.68000.csproj", "{AEDEBEA4-7203-4CCA-A5DC-8CD6F2DBE504}"
EndProject
Project("{FAE04EC0-301F-11D3-BF4B-00C04F79EFBC}") = "UnitTests", "UnitTests\UnitTests.csproj", "{D4EF9501-77A8-4AA4-8DFF-906EEDCB277C}"
EndProject
Project("{FAE04EC0-301F-11D3-BF4B-00C04F79EFBC}") = "DTC.AtariST", "DTC.AtariST\DTC.AtariST.csproj", "{CC520834-1415-4A45-8B00-AD39C552800D}"
EndProject
Project("{FAE04EC0-301F-11D3-BF4B-00C04F79EFBC}") = "G33kST", "G33kST\G33kST.csproj", "{2460E463-BBEA-4001-9448-879E739916BB}"
EndProject
Global
	GlobalSection(SolutionConfigurationPlatforms) = preSolution
		Debug|Any CPU = Debug|Any CPU
		Debug|x64 = Debug|x64
		Debug|x86 = Debug|x86
		Release|Any CPU = Release|Any CPU
		Release|x64 = Release|x64
		Release|x86 = Release|x86
	EndGlobalSection
	GlobalSection(ProjectConfigurationPlatforms) = postSolution
		{6E21E102-F44F-4555-B537-B09EDAB425A8}.Debug|Any CPU.ActiveCfg = Debug|Any CPU
		{6E21E102-F44F-4555-B537-B09EDAB425A8}.Debug|Any CPU.Build.0 = Debug|Any CPU
		{6E21E102-F44F-4555-B537-B09EDAB425A8}.Debug|x64.ActiveCfg = Debug|Any CPU
		{6E21E102-F44F-4555-B537-B09EDAB425A8}.Debug|x64.Build.0 = Debug|Any CPU
		{6E21E102-F44F-4555-B537-B09EDAB425A8}.Debug|x86.ActiveCfg = Debug|Any CPU
		{6E21E102-F44F-4555-B537-B09EDAB425A8}.Debug|x86.Build.0 = Debug|Any CPU
		{6E21E102-F44F-4555-B537-B09EDAB425A8}.Release|Any CPU.ActiveCfg = Release|Any CPU
		{6E21E102-F44F-4555-B537-B09EDAB425A8}.Release|Any CPU.Build.0 = Release|Any CPU
		{6E21E102-F44F-4555-B537-B09EDAB425A8}.Release|x64.ActiveCfg = Release|Any CPU
		{6E21E102-F44F-4555-B537-B09EDAB425A8}.Release|x64.Build.0 = Release|Any CPU
		{6E21E102-F44F-4555-B537-B09EDAB425A8}.Release|x86.ActiveCfg = Release|Any CPU
		{6E21E102-F44F-4555-B537-B09EDAB425A8}.Release|x86.Build.0 = Release|Any CPU
		{E985158C-B9AA-49B1-A271-DD0433024D3B}.Debug|Any CPU.ActiveCfg = Debug|Any CPU
		{E985158C-B9AA-49B1-A271-DD0433024D3B}.Debug|Any CPU.Build.0 = Debug|Any CPU
		{E985158C-B9AA-49B1-A271-DD0433024D3B}.Debug|x64.ActiveCfg = Debug|Any CPU
		{E985158C-B9AA-49B1-A271-DD0433024D3B}.Debug|x64.Build.0 = Debug|Any CPU
		{E985158C-B9AA-49B1-A271-DD0433024D3B}.Debug|x86.ActiveCfg = Debug|Any CPU
		{E985158C-B9AA-49B1-A271-DD0433024D3B}.Debug|x86.Build.0 = Debug|Any CPU
		{E985158C-B9AA-49B1-A271-DD0433024D3B}.Release|Any CPU.ActiveCfg = Release|Any CPU
		{E985158C-B9AA-49B1-A271-DD0433024D3B}.Release|Any CPU.Build.0 = Release|Any CPU
		{E985158C-B9AA-49B1-A271-DD0433024D3B}.Release|x64.ActiveCfg = Release|Any CPU
		{E985158C-B9AA-49B1-A271-DD0433024D3B}.Release|x64.Build.0 = Release|Any CPU
		{E985158C-B9AA-49B1-A271-DD0433024D3B}.Release|x86.ActiveCfg = Release|Any CPU
		{E985158C-B9AA-49B1-A271-DD0433024D3B}.Release|x86.Build.0 = Release|Any CPU
		{AEDEBEA4-7203-4CCA-A5DC-8CD6F2DBE504}.Debug|Any CPU.ActiveCfg = Debug|Any CPU
		{AEDEBEA4-7203-4CCA-A5DC-8CD6F2DBE504}.Debug|Any CPU.Build.0 = Debug|Any CPU
		{AEDEBEA4-7203-4CCA-A5DC-8CD6F2DBE504}.Debug|x64.ActiveCfg = Debug|Any CPU
		{AEDEBEA4-7203-4CCA-A5DC-8CD6F2DBE504}.Debug|x64.Build.0 = Debug|Any CPU
		{AEDEBEA4-7203-4CCA-A5DC-8CD6F2DBE504}.Debug|x86.ActiveCfg = Debug|Any CPU
		{AEDEBEA4-7203-4CCA-A5DC-8CD6F2DBE504}.Debug|x86.Build.0 = Debug|Any CPU
		{AEDEBEA4-7203-4CCA-A5DC-8CD6F2DBE504}.Release|Any CPU.ActiveCfg = Release|Any CPU
		{AEDEBEA4-7203-4CCA-A5DC-8CD6F2DBE504}.Release|Any CPU.Build.0 = Release|Any CPU
		{AEDEBEA4-7203-4CCA-A5DC-8CD6F2DBE504}.Release|x64.ActiveCfg = Release|Any CPU
		{AEDEBEA4-7203-4CCA-A5DC-8CD6F2DBE504}.Release|x64.Build.0 = Release|Any CPU
		{AEDEBEA4-7203-4CCA-A5DC-8CD6F2DBE504}.Release|x86.ActiveCfg = Release|Any CPU
		{AEDEBEA4-7203-4CCA-A5DC-8CD6F2DBE504}.Release|x86.Build.0 = Release|Any CPU
		{D4EF9501-77A8-4AA4-8DFF-906EEDCB277C}.Debug|Any CPU.ActiveCfg = Debug|Any CPU
		{D4EF9501-77A8-4AA4-8DFF-906EEDCB277C}.Debug|Any CPU.Build.0 = Debug|Any CPU
		{D4EF9501-77A8-4AA4-8DFF-906EEDCB277C}.Debug|x64.ActiveCfg = Debug|Any CPU
		{D4EF9501-77A8-4AA4-8DFF-906EEDCB277C}.Debug|x64.Build.0 = Debug|Any CPU
		{D4EF9501-77A8-4AA4-8DFF-906EEDCB277C}.Debug|x86.ActiveCfg = Debug|Any CPU
		{D4EF9501-77A8-4AA4-8DFF-906EEDCB277C}.Debug|x86.Build.0 = Debug|Any CPU
		{D4EF9501-77A8-4AA4-8DFF-906EEDCB277C}.Release|Any CPU.ActiveCfg = Release|Any CPU
		{D4EF9501-77A8-4AA4-8DFF-906EEDCB277C}.Release|Any CPU.Build.0 = Release|Any CPU
		{D4EF9501-77A8-4AA4-8DFF-906EEDCB277C}.Release|x64.ActiveCfg = Release|Any CPU
		{D4EF9501-77A8-4AA4-8DFF-906EEDCB277C}.Release|x64.Build.0 = Release|Any CPU
		{D4EF9501-77A8-4AA4-8DFF-906EEDCB277C}.Release|x86.ActiveCfg = Release|Any CPU
		{D4EF9501-77A8-4AA4-8DFF-906EEDCB277C}.Release|x86.Build.0 = Release|Any CPU
		{CC520834-1415-4A45-8B00-AD39C552800D}.Debug|Any CPU.ActiveCfg = Debug|Any CPU
		{CC520834-1415-4A45-8B00-AD39C552800D}.Debug|Any CPU.Build.0 = Debug|Any CPU
		{CC520834-1415-4A45-8B00-AD39C552800D}.Debug|x64.ActiveCfg = Debug|Any CPU
		{CC520834-1415-4A45-8B00-AD39C552800D}.Debug|x64.Build.0 = Debug|Any CPU
		{CC520834-1415-4A45-8B00-AD39C552800D}.Debug|x86.ActiveCfg = Debug|Any CPU
		{CC520834-1415-4A45-8B00-AD39C552800D}.Debug|x86.Build.0 = Debug|Any CPU
		{CC520834-1415-4A45-8B00-AD39C552800D}.Release|Any CPU.ActiveCfg = Release|Any CPU
		{CC520834-1415-4A45-8B00-AD39C552800D}.Release|Any CPU.Build.0 = Release|Any CPU
		{CC520834-1415-4A45-8B00-AD39C552800D}.Release|x64.ActiveCfg = Release|Any CPU
		{CC520834-1415-4A45-8B00-AD39C552800D}.Release|x64.Build.0 = Release|Any CPU
		{CC520834-1415-4A45-8B00-AD39C552800D}.Release|x86.ActiveCfg = Release|Any CPU
		{CC520834-1415-4A45-8B00-AD39C552800D}.Release|x86.Build.0 = Release|Any CPU
		{2460E463-BBEA-4001-9448-879E739916BB}.Debug|Any CPU.ActiveCfg = Debug|Any CPU
		{2460E463-BBEA-4001-9448-879E739916BB}.Debug|Any CPU.Build.0 = Debug|Any CPU
		{2460E463-BBEA-4001-9448-879E739916BB}.Debug|x64.ActiveCfg = Debug|Any CPU
		{2460E463-BBEA-4001-9448-879E739916BB}.Debug|x64.Build.0 = Debug|Any CPU
		{2460E463-BBEA-4001-9448-879E739916BB}.Debug|x86.ActiveCfg = Debug|Any CPU
		{2460E463-BBEA-4001-9448-879E739916BB}.Debug|x86.Build.0 = Debug|Any CPU
		{2460E463-BBEA-4001-9448-879E739916BB}.Release|Any CPU.ActiveCfg = Release|Any CPU
		{2460E463-BBEA-4001-9448-879E739916BB}.Release|Any CPU.Build.0 = Release|Any CPU
		{2460E463-BBEA-4001-9448-879E739916BB}.Release|x64.ActiveCfg = Release|Any CPU
		{2460E463-BBEA-4001-9448-879E739916BB}.Release|x64.Build.0 = Release|Any CPU
		{2460E463-BBEA-4001-9448-879E739916BB}.Release|x86.ActiveCfg = Release|Any CPU
		{2460E463-BBEA-4001-9448-879E739916BB}.Release|x86.Build.0 = Release|Any CPU
	EndGlobalSection
	GlobalSection(SolutionProperties) = preSolution
		HideSolutionNode = FALSE
	EndGlobalSection
EndGlobal
